
Microsoft Visual Studio Solution File, Format Version 12.00
# Visual Studio Version 17
VisualStudioVersion = 17.9.34616.47
MinimumVisualStudioVersion = 10.0.40219.1
Project("{8BC9CEB8-8B4A-11D0-8D11-00A0C91BC942}") = "Engine", "Engine\Engine.vcxproj", "{3F9ADF1C-31D8-4DEF-88CD-4736709F11AC}"
EndProject
Project("{8BC9CEB8-8B4A-11D0-8D11-00A0C91BC942}") = "Application", "Application\Application.vcxproj", "{A2707BC1-3BA8-40A7-8E87-E12AB0EE31A1}"
EndProject
Global
	GlobalSection(SolutionConfigurationPlatforms) = preSolution
		Debug|x64 = Debug|x64
		Release|x64 = Release|x64
	EndGlobalSection
	GlobalSection(ProjectConfigurationPlatforms) = postSolution
		{3F9ADF1C-31D8-4DEF-88CD-4736709F11AC}.Debug|x64.ActiveCfg = Debug|x64
		{3F9ADF1C-31D8-4DEF-88CD-4736709F11AC}.Debug|x64.Build.0 = Debug|x64
		{3F9ADF1C-31D8-4DEF-88CD-4736709F11AC}.Release|x64.ActiveCfg = Debug|x64
		{3F9ADF1C-31D8-4DEF-88CD-4736709F11AC}.Release|x64.Build.0 = Debug|x64
		{A2707BC1-3BA8-40A7-8E87-E12AB0EE31A1}.Debug|x64.ActiveCfg = Debug|x64
		{A2707BC1-3BA8-40A7-8E87-E12AB0EE31A1}.Debug|x64.Build.0 = Debug|x64
		{A2707BC1-3BA8-40A7-8E87-E12AB0EE31A1}.Release|x64.ActiveCfg = Release|x64
		{A2707BC1-3BA8-40A7-8E87-E12AB0EE31A1}.Release|x64.Build.0 = Release|x64
	EndGlobalSection
	GlobalSection(SolutionProperties) = preSolution
		HideSolutionNode = FALSE
	EndGlobalSection
	GlobalSection(ExtensibilityGlobals) = postSolution
		SolutionGuid = {51A99620-9CC3-4EA4-AE61-586CDE005A34}
	EndGlobalSection
EndGlobal
